
Microsoft Visual Studio Solution File, Format Version 12.00
# Visual Studio 14
VisualStudioVersion = 14.0.25420.1
MinimumVisualStudioVersion = 10.0.40219.1
Project("{2150E333-8FDC-42A3-9474-1A3956D46DE8}") = "Proj", "Proj", "{B500DCCE-0379-4B11-9CB0-FC0207756EBA}"
	ProjectSection(FolderGlobals) = preProject
		Reactor_Output = 
		Reactor_Project = 
		Reactor_Commands = 
		Reactor_Automatic = 1
		Reactor_Lib = 0
		Reactor_Enabled = 1
	EndProjectSection
	ProjectSection(FolderStartupServices) = postProject
		{B4F97281-0DBD-4835-9ED8-7DFB966E87FF} = {B4F97281-0DBD-4835-9ED8-7DFB966E87FF}
	EndProjectSection
EndProject
Project("{2150E333-8FDC-42A3-9474-1A3956D46DE8}") = "Test", "Test", "{1A39FAE4-54F4-4E7C-8955-4C4A619D7A23}"
	ProjectSection(FolderStartupServices) = postProject
		{B4F97281-0DBD-4835-9ED8-7DFB966E87FF} = {B4F97281-0DBD-4835-9ED8-7DFB966E87FF}
	EndProjectSection
EndProject
Project("{FAE04EC0-301F-11D3-BF4B-00C04F79EFBC}") = "Common", "Proj\Common\Common.csproj", "{11E94803-0024-4A00-88C4-0E0E0C826FE5}"
EndProject
Project("{FAE04EC0-301F-11D3-BF4B-00C04F79EFBC}") = "CommonForms", "Proj\CommonForms\CommonForms.csproj", "{6E0EE774-EDD5-4B7D-9A1A-2FF4808FFFDC}"
EndProject
Project("{FAE04EC0-301F-11D3-BF4B-00C04F79EFBC}") = "StyledText", "Proj\StyledText\StyledText.csproj", "{6E243DF9-8A7D-418B-9600-C3F0B9F97705}"
EndProject
Project("{FAE04EC0-301F-11D3-BF4B-00C04F79EFBC}") = "Control", "Proj\Control\Control.csproj", "{4B0D4325-D210-42E7-88E4-4905E17F3660}"
EndProject
Project("{FAE04EC0-301F-11D3-BF4B-00C04F79EFBC}") = "Container", "Proj\Container\Container.csproj", "{46AD29F8-2303-46B4-8E6B-E3618EAC0475}"
EndProject
Project("{FAE04EC0-301F-11D3-BF4B-00C04F79EFBC}") = "Model", "Proj\Model\Model.csproj", "{50C19A53-3BA6-4367-AF93-9D705F5A533C}"
EndProject
Project("{FAE04EC0-301F-11D3-BF4B-00C04F79EFBC}") = "Figure", "Proj\Figure\Figure.csproj", "{505ADE94-1A96-4291-909D-24988FFD1A51}"
EndProject
Project("{FAE04EC0-301F-11D3-BF4B-00C04F79EFBC}") = "Editor", "Proj\Editor\Editor.csproj", "{23CEF6F7-BE4B-4B43-B23B-6E9891E69D33}"
EndProject
Project("{FAE04EC0-301F-11D3-BF4B-00C04F79EFBC}") = "MemopadRemote", "Proj\MemopadRemote\MemopadRemote.csproj", "{B3854E93-E209-4B1A-B106-ECA7BCA4B09A}"
EndProject
Project("{FAE04EC0-301F-11D3-BF4B-00C04F79EFBC}") = "Memopad", "Proj\Memopad\Memopad.csproj", "{AB4C6A1B-595C-45FF-87EF-5C021D23991D}"
EndProject
Project("{FAE04EC0-301F-11D3-BF4B-00C04F79EFBC}") = "MochaNote", "Proj\MochaNote\MochaNote.csproj", "{7ED09E83-CC62-46B9-B7B7-AA9507046B15}"
EndProject
Project("{FAE04EC0-301F-11D3-BF4B-00C04F79EFBC}") = "CommonTest", "Test\CommonTest\CommonTest.csproj", "{5A7258AD-F245-49D7-B43E-563703560E90}"
EndProject
Project("{FAE04EC0-301F-11D3-BF4B-00C04F79EFBC}") = "CommonFormsTest", "Test\CommonFormsTest\CommonFormsTest.csproj", "{4443745B-FCE5-4279-A37F-02C4E3BBFF10}"
EndProject
Project("{FAE04EC0-301F-11D3-BF4B-00C04F79EFBC}") = "StyledTextTest", "Test\StyledTextTest\StyledTextTest.csproj", "{FDEBAA37-66A8-4F78-8D1E-0D0221D15E33}"
EndProject
Project("{FAE04EC0-301F-11D3-BF4B-00C04F79EFBC}") = "ContainerTest", "Test\ContainerTest\ContainerTest.csproj", "{456D3D74-1158-4A5E-B9EB-F0C88F7859DE}"
EndProject
Project("{FAE04EC0-301F-11D3-BF4B-00C04F79EFBC}") = "FigureTest", "Test\FigureTest\FigureTest.csproj", "{13058A05-656A-4E1B-9B4F-1F27F98FC14F}"
EndProject
Project("{FAE04EC0-301F-11D3-BF4B-00C04F79EFBC}") = "MochaNoteClient", "Proj\MochaNoteClient\MochaNoteClient.csproj", "{65957862-97EE-48E3-8CA2-E4AE51001B12}"
EndProject
Project("{FAE04EC0-301F-11D3-BF4B-00C04F79EFBC}") = "MochaNoteClientW", "Proj\MochaNoteClientW\MochaNoteClientW.csproj", "{E65437AB-7E95-4169-B9B8-B6ED9D510B64}"
EndProject
Project("{54435603-DBB4-11D2-8724-00A0C9A8B90C}") = "Setup", "Deploy\Setup\Setup.vdproj", "{4E5A8FEF-9B28-4071-B3D4-83777CCC95C2}"
EndProject
Project("{2150E333-8FDC-42A3-9474-1A3956D46DE8}") = "Deploy", "Deploy", "{53A22C35-B16D-4F6D-9928-783A93F78896}"
EndProject
Global
	GlobalSection(SolutionConfigurationPlatforms) = preSolution
		Debug|Any CPU = Debug|Any CPU
		Debug|x86 = Debug|x86
		Document|Any CPU = Document|Any CPU
		Document|x86 = Document|x86
		Release|Any CPU = Release|Any CPU
		Release|x86 = Release|x86
	EndGlobalSection
	GlobalSection(ProjectConfigurationPlatforms) = postSolution
		{11E94803-0024-4A00-88C4-0E0E0C826FE5}.Debug|Any CPU.ActiveCfg = Debug|Any CPU
		{11E94803-0024-4A00-88C4-0E0E0C826FE5}.Debug|Any CPU.Build.0 = Debug|Any CPU
		{11E94803-0024-4A00-88C4-0E0E0C826FE5}.Debug|x86.ActiveCfg = Debug|x86
		{11E94803-0024-4A00-88C4-0E0E0C826FE5}.Debug|x86.Build.0 = Debug|x86
		{11E94803-0024-4A00-88C4-0E0E0C826FE5}.Document|Any CPU.ActiveCfg = Document|Any CPU
		{11E94803-0024-4A00-88C4-0E0E0C826FE5}.Document|Any CPU.Build.0 = Document|Any CPU
		{11E94803-0024-4A00-88C4-0E0E0C826FE5}.Document|x86.ActiveCfg = Document|x86
		{11E94803-0024-4A00-88C4-0E0E0C826FE5}.Document|x86.Build.0 = Document|x86
		{11E94803-0024-4A00-88C4-0E0E0C826FE5}.Release|Any CPU.ActiveCfg = Release|Any CPU
		{11E94803-0024-4A00-88C4-0E0E0C826FE5}.Release|Any CPU.Build.0 = Release|Any CPU
		{11E94803-0024-4A00-88C4-0E0E0C826FE5}.Release|x86.ActiveCfg = Release|x86
		{11E94803-0024-4A00-88C4-0E0E0C826FE5}.Release|x86.Build.0 = Release|x86
		{6E0EE774-EDD5-4B7D-9A1A-2FF4808FFFDC}.Debug|Any CPU.ActiveCfg = Debug|Any CPU
		{6E0EE774-EDD5-4B7D-9A1A-2FF4808FFFDC}.Debug|Any CPU.Build.0 = Debug|Any CPU
		{6E0EE774-EDD5-4B7D-9A1A-2FF4808FFFDC}.Debug|x86.ActiveCfg = Debug|x86
		{6E0EE774-EDD5-4B7D-9A1A-2FF4808FFFDC}.Debug|x86.Build.0 = Debug|x86
		{6E0EE774-EDD5-4B7D-9A1A-2FF4808FFFDC}.Document|Any CPU.ActiveCfg = Document|Any CPU
		{6E0EE774-EDD5-4B7D-9A1A-2FF4808FFFDC}.Document|Any CPU.Build.0 = Document|Any CPU
		{6E0EE774-EDD5-4B7D-9A1A-2FF4808FFFDC}.Document|x86.ActiveCfg = Document|x86
		{6E0EE774-EDD5-4B7D-9A1A-2FF4808FFFDC}.Document|x86.Build.0 = Document|x86
		{6E0EE774-EDD5-4B7D-9A1A-2FF4808FFFDC}.Release|Any CPU.ActiveCfg = Release|Any CPU
		{6E0EE774-EDD5-4B7D-9A1A-2FF4808FFFDC}.Release|Any CPU.Build.0 = Release|Any CPU
		{6E0EE774-EDD5-4B7D-9A1A-2FF4808FFFDC}.Release|x86.ActiveCfg = Release|x86
		{6E0EE774-EDD5-4B7D-9A1A-2FF4808FFFDC}.Release|x86.Build.0 = Release|x86
		{6E243DF9-8A7D-418B-9600-C3F0B9F97705}.Debug|Any CPU.ActiveCfg = Debug|Any CPU
		{6E243DF9-8A7D-418B-9600-C3F0B9F97705}.Debug|Any CPU.Build.0 = Debug|Any CPU
		{6E243DF9-8A7D-418B-9600-C3F0B9F97705}.Debug|x86.ActiveCfg = Debug|x86
		{6E243DF9-8A7D-418B-9600-C3F0B9F97705}.Debug|x86.Build.0 = Debug|x86
		{6E243DF9-8A7D-418B-9600-C3F0B9F97705}.Document|Any CPU.ActiveCfg = Document|Any CPU
		{6E243DF9-8A7D-418B-9600-C3F0B9F97705}.Document|Any CPU.Build.0 = Document|Any CPU
		{6E243DF9-8A7D-418B-9600-C3F0B9F97705}.Document|x86.ActiveCfg = Document|x86
		{6E243DF9-8A7D-418B-9600-C3F0B9F97705}.Document|x86.Build.0 = Document|x86
		{6E243DF9-8A7D-418B-9600-C3F0B9F97705}.Release|Any CPU.ActiveCfg = Release|Any CPU
		{6E243DF9-8A7D-418B-9600-C3F0B9F97705}.Release|Any CPU.Build.0 = Release|Any CPU
		{6E243DF9-8A7D-418B-9600-C3F0B9F97705}.Release|x86.ActiveCfg = Release|x86
		{6E243DF9-8A7D-418B-9600-C3F0B9F97705}.Release|x86.Build.0 = Release|x86
		{4B0D4325-D210-42E7-88E4-4905E17F3660}.Debug|Any CPU.ActiveCfg = Debug|Any CPU
		{4B0D4325-D210-42E7-88E4-4905E17F3660}.Debug|Any CPU.Build.0 = Debug|Any CPU
		{4B0D4325-D210-42E7-88E4-4905E17F3660}.Debug|x86.ActiveCfg = Debug|x86
		{4B0D4325-D210-42E7-88E4-4905E17F3660}.Debug|x86.Build.0 = Debug|x86
		{4B0D4325-D210-42E7-88E4-4905E17F3660}.Document|Any CPU.ActiveCfg = Document|Any CPU
		{4B0D4325-D210-42E7-88E4-4905E17F3660}.Document|Any CPU.Build.0 = Document|Any CPU
		{4B0D4325-D210-42E7-88E4-4905E17F3660}.Document|x86.ActiveCfg = Document|x86
		{4B0D4325-D210-42E7-88E4-4905E17F3660}.Document|x86.Build.0 = Document|x86
		{4B0D4325-D210-42E7-88E4-4905E17F3660}.Release|Any CPU.ActiveCfg = Release|Any CPU
		{4B0D4325-D210-42E7-88E4-4905E17F3660}.Release|Any CPU.Build.0 = Release|Any CPU
		{4B0D4325-D210-42E7-88E4-4905E17F3660}.Release|x86.ActiveCfg = Release|x86
		{4B0D4325-D210-42E7-88E4-4905E17F3660}.Release|x86.Build.0 = Release|x86
		{46AD29F8-2303-46B4-8E6B-E3618EAC0475}.Debug|Any CPU.ActiveCfg = Debug|Any CPU
		{46AD29F8-2303-46B4-8E6B-E3618EAC0475}.Debug|Any CPU.Build.0 = Debug|Any CPU
		{46AD29F8-2303-46B4-8E6B-E3618EAC0475}.Debug|x86.ActiveCfg = Debug|x86
		{46AD29F8-2303-46B4-8E6B-E3618EAC0475}.Debug|x86.Build.0 = Debug|x86
		{46AD29F8-2303-46B4-8E6B-E3618EAC0475}.Document|Any CPU.ActiveCfg = Document|Any CPU
		{46AD29F8-2303-46B4-8E6B-E3618EAC0475}.Document|Any CPU.Build.0 = Document|Any CPU
		{46AD29F8-2303-46B4-8E6B-E3618EAC0475}.Document|x86.ActiveCfg = Document|x86
		{46AD29F8-2303-46B4-8E6B-E3618EAC0475}.Document|x86.Build.0 = Document|x86
		{46AD29F8-2303-46B4-8E6B-E3618EAC0475}.Release|Any CPU.ActiveCfg = Release|Any CPU
		{46AD29F8-2303-46B4-8E6B-E3618EAC0475}.Release|Any CPU.Build.0 = Release|Any CPU
		{46AD29F8-2303-46B4-8E6B-E3618EAC0475}.Release|x86.ActiveCfg = Release|x86
		{46AD29F8-2303-46B4-8E6B-E3618EAC0475}.Release|x86.Build.0 = Release|x86
		{50C19A53-3BA6-4367-AF93-9D705F5A533C}.Debug|Any CPU.ActiveCfg = Debug|Any CPU
		{50C19A53-3BA6-4367-AF93-9D705F5A533C}.Debug|Any CPU.Build.0 = Debug|Any CPU
		{50C19A53-3BA6-4367-AF93-9D705F5A533C}.Debug|x86.ActiveCfg = Debug|x86
		{50C19A53-3BA6-4367-AF93-9D705F5A533C}.Debug|x86.Build.0 = Debug|x86
		{50C19A53-3BA6-4367-AF93-9D705F5A533C}.Document|Any CPU.ActiveCfg = Document|Any CPU
		{50C19A53-3BA6-4367-AF93-9D705F5A533C}.Document|Any CPU.Build.0 = Document|Any CPU
		{50C19A53-3BA6-4367-AF93-9D705F5A533C}.Document|x86.ActiveCfg = Document|x86
		{50C19A53-3BA6-4367-AF93-9D705F5A533C}.Document|x86.Build.0 = Document|x86
		{50C19A53-3BA6-4367-AF93-9D705F5A533C}.Release|Any CPU.ActiveCfg = Release|Any CPU
		{50C19A53-3BA6-4367-AF93-9D705F5A533C}.Release|Any CPU.Build.0 = Release|Any CPU
		{50C19A53-3BA6-4367-AF93-9D705F5A533C}.Release|x86.ActiveCfg = Release|x86
		{50C19A53-3BA6-4367-AF93-9D705F5A533C}.Release|x86.Build.0 = Release|x86
		{505ADE94-1A96-4291-909D-24988FFD1A51}.Debug|Any CPU.ActiveCfg = Debug|Any CPU
		{505ADE94-1A96-4291-909D-24988FFD1A51}.Debug|Any CPU.Build.0 = Debug|Any CPU
		{505ADE94-1A96-4291-909D-24988FFD1A51}.Debug|x86.ActiveCfg = Debug|x86
		{505ADE94-1A96-4291-909D-24988FFD1A51}.Debug|x86.Build.0 = Debug|x86
		{505ADE94-1A96-4291-909D-24988FFD1A51}.Document|Any CPU.ActiveCfg = Document|Any CPU
		{505ADE94-1A96-4291-909D-24988FFD1A51}.Document|Any CPU.Build.0 = Document|Any CPU
		{505ADE94-1A96-4291-909D-24988FFD1A51}.Document|x86.ActiveCfg = Document|x86
		{505ADE94-1A96-4291-909D-24988FFD1A51}.Document|x86.Build.0 = Document|x86
		{505ADE94-1A96-4291-909D-24988FFD1A51}.Release|Any CPU.ActiveCfg = Release|Any CPU
		{505ADE94-1A96-4291-909D-24988FFD1A51}.Release|Any CPU.Build.0 = Release|Any CPU
		{505ADE94-1A96-4291-909D-24988FFD1A51}.Release|x86.ActiveCfg = Release|x86
		{505ADE94-1A96-4291-909D-24988FFD1A51}.Release|x86.Build.0 = Release|x86
		{23CEF6F7-BE4B-4B43-B23B-6E9891E69D33}.Debug|Any CPU.ActiveCfg = Debug|Any CPU
		{23CEF6F7-BE4B-4B43-B23B-6E9891E69D33}.Debug|Any CPU.Build.0 = Debug|Any CPU
		{23CEF6F7-BE4B-4B43-B23B-6E9891E69D33}.Debug|x86.ActiveCfg = Debug|x86
		{23CEF6F7-BE4B-4B43-B23B-6E9891E69D33}.Debug|x86.Build.0 = Debug|x86
		{23CEF6F7-BE4B-4B43-B23B-6E9891E69D33}.Document|Any CPU.ActiveCfg = Document|Any CPU
		{23CEF6F7-BE4B-4B43-B23B-6E9891E69D33}.Document|Any CPU.Build.0 = Document|Any CPU
		{23CEF6F7-BE4B-4B43-B23B-6E9891E69D33}.Document|x86.ActiveCfg = Document|x86
		{23CEF6F7-BE4B-4B43-B23B-6E9891E69D33}.Document|x86.Build.0 = Document|x86
		{23CEF6F7-BE4B-4B43-B23B-6E9891E69D33}.Release|Any CPU.ActiveCfg = Release|Any CPU
		{23CEF6F7-BE4B-4B43-B23B-6E9891E69D33}.Release|Any CPU.Build.0 = Release|Any CPU
		{23CEF6F7-BE4B-4B43-B23B-6E9891E69D33}.Release|x86.ActiveCfg = Release|x86
		{23CEF6F7-BE4B-4B43-B23B-6E9891E69D33}.Release|x86.Build.0 = Release|x86
		{B3854E93-E209-4B1A-B106-ECA7BCA4B09A}.Debug|Any CPU.ActiveCfg = Debug|Any CPU
		{B3854E93-E209-4B1A-B106-ECA7BCA4B09A}.Debug|Any CPU.Build.0 = Debug|Any CPU
		{B3854E93-E209-4B1A-B106-ECA7BCA4B09A}.Debug|x86.ActiveCfg = Debug|x86
		{B3854E93-E209-4B1A-B106-ECA7BCA4B09A}.Debug|x86.Build.0 = Debug|x86
		{B3854E93-E209-4B1A-B106-ECA7BCA4B09A}.Document|Any CPU.ActiveCfg = Debug|Any CPU
		{B3854E93-E209-4B1A-B106-ECA7BCA4B09A}.Document|Any CPU.Build.0 = Debug|Any CPU
		{B3854E93-E209-4B1A-B106-ECA7BCA4B09A}.Document|x86.ActiveCfg = Debug|Any CPU
		{B3854E93-E209-4B1A-B106-ECA7BCA4B09A}.Release|Any CPU.ActiveCfg = Release|Any CPU
		{B3854E93-E209-4B1A-B106-ECA7BCA4B09A}.Release|Any CPU.Build.0 = Release|Any CPU
		{B3854E93-E209-4B1A-B106-ECA7BCA4B09A}.Release|x86.ActiveCfg = Release|x86
		{B3854E93-E209-4B1A-B106-ECA7BCA4B09A}.Release|x86.Build.0 = Release|x86
		{AB4C6A1B-595C-45FF-87EF-5C021D23991D}.Debug|Any CPU.ActiveCfg = Debug|Any CPU
		{AB4C6A1B-595C-45FF-87EF-5C021D23991D}.Debug|Any CPU.Build.0 = Debug|Any CPU
		{AB4C6A1B-595C-45FF-87EF-5C021D23991D}.Debug|x86.ActiveCfg = Debug|x86
		{AB4C6A1B-595C-45FF-87EF-5C021D23991D}.Debug|x86.Build.0 = Debug|x86
		{AB4C6A1B-595C-45FF-87EF-5C021D23991D}.Document|Any CPU.ActiveCfg = Document|Any CPU
		{AB4C6A1B-595C-45FF-87EF-5C021D23991D}.Document|Any CPU.Build.0 = Document|Any CPU
		{AB4C6A1B-595C-45FF-87EF-5C021D23991D}.Document|x86.ActiveCfg = Document|x86
		{AB4C6A1B-595C-45FF-87EF-5C021D23991D}.Document|x86.Build.0 = Document|x86
		{AB4C6A1B-595C-45FF-87EF-5C021D23991D}.Release|Any CPU.ActiveCfg = Release|Any CPU
		{AB4C6A1B-595C-45FF-87EF-5C021D23991D}.Release|Any CPU.Build.0 = Release|Any CPU
		{AB4C6A1B-595C-45FF-87EF-5C021D23991D}.Release|x86.ActiveCfg = Release|x86
		{AB4C6A1B-595C-45FF-87EF-5C021D23991D}.Release|x86.Build.0 = Release|x86
		{7ED09E83-CC62-46B9-B7B7-AA9507046B15}.Debug|Any CPU.ActiveCfg = Debug|Any CPU
		{7ED09E83-CC62-46B9-B7B7-AA9507046B15}.Debug|Any CPU.Build.0 = Debug|Any CPU
		{7ED09E83-CC62-46B9-B7B7-AA9507046B15}.Debug|x86.ActiveCfg = Debug|x86
		{7ED09E83-CC62-46B9-B7B7-AA9507046B15}.Debug|x86.Build.0 = Debug|x86
		{7ED09E83-CC62-46B9-B7B7-AA9507046B15}.Document|Any CPU.ActiveCfg = Document|Any CPU
		{7ED09E83-CC62-46B9-B7B7-AA9507046B15}.Document|Any CPU.Build.0 = Document|Any CPU
		{7ED09E83-CC62-46B9-B7B7-AA9507046B15}.Document|x86.ActiveCfg = Document|x86
		{7ED09E83-CC62-46B9-B7B7-AA9507046B15}.Document|x86.Build.0 = Document|x86
		{7ED09E83-CC62-46B9-B7B7-AA9507046B15}.Release|Any CPU.ActiveCfg = Release|Any CPU
		{7ED09E83-CC62-46B9-B7B7-AA9507046B15}.Release|Any CPU.Build.0 = Release|Any CPU
		{7ED09E83-CC62-46B9-B7B7-AA9507046B15}.Release|x86.ActiveCfg = Release|x86
		{7ED09E83-CC62-46B9-B7B7-AA9507046B15}.Release|x86.Build.0 = Release|x86
		{5A7258AD-F245-49D7-B43E-563703560E90}.Debug|Any CPU.ActiveCfg = Debug|Any CPU
		{5A7258AD-F245-49D7-B43E-563703560E90}.Debug|Any CPU.Build.0 = Debug|Any CPU
		{5A7258AD-F245-49D7-B43E-563703560E90}.Debug|x86.ActiveCfg = Debug|x86
		{5A7258AD-F245-49D7-B43E-563703560E90}.Debug|x86.Build.0 = Debug|x86
		{5A7258AD-F245-49D7-B43E-563703560E90}.Document|Any CPU.ActiveCfg = Document|Any CPU
		{5A7258AD-F245-49D7-B43E-563703560E90}.Document|x86.ActiveCfg = Document|x86
		{5A7258AD-F245-49D7-B43E-563703560E90}.Document|x86.Build.0 = Document|x86
		{5A7258AD-F245-49D7-B43E-563703560E90}.Release|Any CPU.ActiveCfg = Release|Any CPU
		{5A7258AD-F245-49D7-B43E-563703560E90}.Release|x86.ActiveCfg = Release|x86
		{4443745B-FCE5-4279-A37F-02C4E3BBFF10}.Debug|Any CPU.ActiveCfg = Debug|Any CPU
		{4443745B-FCE5-4279-A37F-02C4E3BBFF10}.Debug|Any CPU.Build.0 = Debug|Any CPU
		{4443745B-FCE5-4279-A37F-02C4E3BBFF10}.Debug|x86.ActiveCfg = Debug|x86
		{4443745B-FCE5-4279-A37F-02C4E3BBFF10}.Debug|x86.Build.0 = Debug|x86
		{4443745B-FCE5-4279-A37F-02C4E3BBFF10}.Document|Any CPU.ActiveCfg = Document|Any CPU
		{4443745B-FCE5-4279-A37F-02C4E3BBFF10}.Document|x86.ActiveCfg = Document|x86
		{4443745B-FCE5-4279-A37F-02C4E3BBFF10}.Document|x86.Build.0 = Document|x86
		{4443745B-FCE5-4279-A37F-02C4E3BBFF10}.Release|Any CPU.ActiveCfg = Release|Any CPU
		{4443745B-FCE5-4279-A37F-02C4E3BBFF10}.Release|x86.ActiveCfg = Release|x86
		{FDEBAA37-66A8-4F78-8D1E-0D0221D15E33}.Debug|Any CPU.ActiveCfg = Debug|Any CPU
		{FDEBAA37-66A8-4F78-8D1E-0D0221D15E33}.Debug|Any CPU.Build.0 = Debug|Any CPU
		{FDEBAA37-66A8-4F78-8D1E-0D0221D15E33}.Debug|x86.ActiveCfg = Debug|x86
		{FDEBAA37-66A8-4F78-8D1E-0D0221D15E33}.Debug|x86.Build.0 = Debug|x86
		{FDEBAA37-66A8-4F78-8D1E-0D0221D15E33}.Document|Any CPU.ActiveCfg = Document|Any CPU
		{FDEBAA37-66A8-4F78-8D1E-0D0221D15E33}.Document|x86.ActiveCfg = Document|x86
		{FDEBAA37-66A8-4F78-8D1E-0D0221D15E33}.Document|x86.Build.0 = Document|x86
		{FDEBAA37-66A8-4F78-8D1E-0D0221D15E33}.Release|Any CPU.ActiveCfg = Release|Any CPU
		{FDEBAA37-66A8-4F78-8D1E-0D0221D15E33}.Release|x86.ActiveCfg = Release|x86
		{456D3D74-1158-4A5E-B9EB-F0C88F7859DE}.Debug|Any CPU.ActiveCfg = Debug|Any CPU
		{456D3D74-1158-4A5E-B9EB-F0C88F7859DE}.Debug|Any CPU.Build.0 = Debug|Any CPU
		{456D3D74-1158-4A5E-B9EB-F0C88F7859DE}.Debug|x86.ActiveCfg = Debug|x86
		{456D3D74-1158-4A5E-B9EB-F0C88F7859DE}.Debug|x86.Build.0 = Debug|x86
		{456D3D74-1158-4A5E-B9EB-F0C88F7859DE}.Document|Any CPU.ActiveCfg = Document|Any CPU
		{456D3D74-1158-4A5E-B9EB-F0C88F7859DE}.Document|x86.ActiveCfg = Document|x86
		{456D3D74-1158-4A5E-B9EB-F0C88F7859DE}.Document|x86.Build.0 = Document|x86
		{456D3D74-1158-4A5E-B9EB-F0C88F7859DE}.Release|Any CPU.ActiveCfg = Release|Any CPU
		{456D3D74-1158-4A5E-B9EB-F0C88F7859DE}.Release|x86.ActiveCfg = Release|x86
		{13058A05-656A-4E1B-9B4F-1F27F98FC14F}.Debug|Any CPU.ActiveCfg = Debug|Any CPU
		{13058A05-656A-4E1B-9B4F-1F27F98FC14F}.Debug|Any CPU.Build.0 = Debug|Any CPU
		{13058A05-656A-4E1B-9B4F-1F27F98FC14F}.Debug|x86.ActiveCfg = Debug|x86
		{13058A05-656A-4E1B-9B4F-1F27F98FC14F}.Debug|x86.Build.0 = Debug|x86
		{13058A05-656A-4E1B-9B4F-1F27F98FC14F}.Document|Any CPU.ActiveCfg = Document|Any CPU
		{13058A05-656A-4E1B-9B4F-1F27F98FC14F}.Document|x86.ActiveCfg = Document|x86
		{13058A05-656A-4E1B-9B4F-1F27F98FC14F}.Document|x86.Build.0 = Document|x86
		{13058A05-656A-4E1B-9B4F-1F27F98FC14F}.Release|Any CPU.ActiveCfg = Release|Any CPU
		{13058A05-656A-4E1B-9B4F-1F27F98FC14F}.Release|x86.ActiveCfg = Release|x86
		{65957862-97EE-48E3-8CA2-E4AE51001B12}.Debug|Any CPU.ActiveCfg = Debug|Any CPU
		{65957862-97EE-48E3-8CA2-E4AE51001B12}.Debug|Any CPU.Build.0 = Debug|Any CPU
		{65957862-97EE-48E3-8CA2-E4AE51001B12}.Debug|x86.ActiveCfg = Debug|x86
		{65957862-97EE-48E3-8CA2-E4AE51001B12}.Debug|x86.Build.0 = Debug|x86
		{65957862-97EE-48E3-8CA2-E4AE51001B12}.Document|Any CPU.ActiveCfg = Document|Any CPU
		{65957862-97EE-48E3-8CA2-E4AE51001B12}.Document|Any CPU.Build.0 = Document|Any CPU
		{65957862-97EE-48E3-8CA2-E4AE51001B12}.Document|x86.ActiveCfg = Document|x86
		{65957862-97EE-48E3-8CA2-E4AE51001B12}.Document|x86.Build.0 = Document|x86
		{65957862-97EE-48E3-8CA2-E4AE51001B12}.Release|Any CPU.ActiveCfg = Release|Any CPU
		{65957862-97EE-48E3-8CA2-E4AE51001B12}.Release|Any CPU.Build.0 = Release|Any CPU
		{65957862-97EE-48E3-8CA2-E4AE51001B12}.Release|x86.ActiveCfg = Release|x86
		{65957862-97EE-48E3-8CA2-E4AE51001B12}.Release|x86.Build.0 = Release|x86
		{E65437AB-7E95-4169-B9B8-B6ED9D510B64}.Debug|Any CPU.ActiveCfg = Debug|Any CPU
		{E65437AB-7E95-4169-B9B8-B6ED9D510B64}.Debug|Any CPU.Build.0 = Debug|Any CPU
		{E65437AB-7E95-4169-B9B8-B6ED9D510B64}.Debug|x86.ActiveCfg = Debug|x86
		{E65437AB-7E95-4169-B9B8-B6ED9D510B64}.Debug|x86.Build.0 = Debug|x86
		{E65437AB-7E95-4169-B9B8-B6ED9D510B64}.Document|Any CPU.ActiveCfg = Debug|Any CPU
		{E65437AB-7E95-4169-B9B8-B6ED9D510B64}.Document|Any CPU.Build.0 = Debug|Any CPU
		{E65437AB-7E95-4169-B9B8-B6ED9D510B64}.Document|x86.ActiveCfg = Debug|Any CPU
		{E65437AB-7E95-4169-B9B8-B6ED9D510B64}.Release|Any CPU.ActiveCfg = Release|Any CPU
		{E65437AB-7E95-4169-B9B8-B6ED9D510B64}.Release|Any CPU.Build.0 = Release|Any CPU
		{E65437AB-7E95-4169-B9B8-B6ED9D510B64}.Release|x86.ActiveCfg = Release|x86
		{E65437AB-7E95-4169-B9B8-B6ED9D510B64}.Release|x86.Build.0 = Release|x86
		{4E5A8FEF-9B28-4071-B3D4-83777CCC95C2}.Debug|Any CPU.ActiveCfg = Debug
		{4E5A8FEF-9B28-4071-B3D4-83777CCC95C2}.Debug|x86.ActiveCfg = Debug
		{4E5A8FEF-9B28-4071-B3D4-83777CCC95C2}.Document|Any CPU.ActiveCfg = Debug
		{4E5A8FEF-9B28-4071-B3D4-83777CCC95C2}.Document|x86.ActiveCfg = Debug
		{4E5A8FEF-9B28-4071-B3D4-83777CCC95C2}.Release|Any CPU.ActiveCfg = Release
		{4E5A8FEF-9B28-4071-B3D4-83777CCC95C2}.Release|x86.ActiveCfg = Release
	EndGlobalSection
	GlobalSection(SolutionProperties) = preSolution
		HideSolutionNode = FALSE
	EndGlobalSection
	GlobalSection(NestedProjects) = preSolution
		{11E94803-0024-4A00-88C4-0E0E0C826FE5} = {B500DCCE-0379-4B11-9CB0-FC0207756EBA}
		{6E0EE774-EDD5-4B7D-9A1A-2FF4808FFFDC} = {B500DCCE-0379-4B11-9CB0-FC0207756EBA}
		{6E243DF9-8A7D-418B-9600-C3F0B9F97705} = {B500DCCE-0379-4B11-9CB0-FC0207756EBA}
		{4B0D4325-D210-42E7-88E4-4905E17F3660} = {B500DCCE-0379-4B11-9CB0-FC0207756EBA}
		{46AD29F8-2303-46B4-8E6B-E3618EAC0475} = {B500DCCE-0379-4B11-9CB0-FC0207756EBA}
		{50C19A53-3BA6-4367-AF93-9D705F5A533C} = {B500DCCE-0379-4B11-9CB0-FC0207756EBA}
		{505ADE94-1A96-4291-909D-24988FFD1A51} = {B500DCCE-0379-4B11-9CB0-FC0207756EBA}
		{23CEF6F7-BE4B-4B43-B23B-6E9891E69D33} = {B500DCCE-0379-4B11-9CB0-FC0207756EBA}
		{B3854E93-E209-4B1A-B106-ECA7BCA4B09A} = {B500DCCE-0379-4B11-9CB0-FC0207756EBA}
		{AB4C6A1B-595C-45FF-87EF-5C021D23991D} = {B500DCCE-0379-4B11-9CB0-FC0207756EBA}
		{7ED09E83-CC62-46B9-B7B7-AA9507046B15} = {B500DCCE-0379-4B11-9CB0-FC0207756EBA}
		{5A7258AD-F245-49D7-B43E-563703560E90} = {1A39FAE4-54F4-4E7C-8955-4C4A619D7A23}
		{4443745B-FCE5-4279-A37F-02C4E3BBFF10} = {1A39FAE4-54F4-4E7C-8955-4C4A619D7A23}
		{FDEBAA37-66A8-4F78-8D1E-0D0221D15E33} = {1A39FAE4-54F4-4E7C-8955-4C4A619D7A23}
		{456D3D74-1158-4A5E-B9EB-F0C88F7859DE} = {1A39FAE4-54F4-4E7C-8955-4C4A619D7A23}
		{13058A05-656A-4E1B-9B4F-1F27F98FC14F} = {1A39FAE4-54F4-4E7C-8955-4C4A619D7A23}
		{65957862-97EE-48E3-8CA2-E4AE51001B12} = {B500DCCE-0379-4B11-9CB0-FC0207756EBA}
		{E65437AB-7E95-4169-B9B8-B6ED9D510B64} = {B500DCCE-0379-4B11-9CB0-FC0207756EBA}
		{4E5A8FEF-9B28-4071-B3D4-83777CCC95C2} = {53A22C35-B16D-4F6D-9928-783A93F78896}
	EndGlobalSection
	GlobalSection(TextTemplating) = postSolution
		TextTemplating = 1
	EndGlobalSection
EndGlobal
